
Microsoft Visual Studio Solution File, Format Version 12.00
# Visual Studio Version 16
VisualStudioVersion = 16.0.31729.503
MinimumVisualStudioVersion = 10.0.40219.1
Project("{FAE04EC0-301F-11D3-BF4B-00C04F79EFBC}") = "lr17", "lr17.csproj", "{473D99B3-F5EC-4BB3-B62B-A1C0FF9A6ED6}"
EndProject
Global
	GlobalSection(SolutionConfigurationPlatforms) = preSolution
		Debug|Any CPU = Debug|Any CPU
		Release|Any CPU = Release|Any CPU
	EndGlobalSection
	GlobalSection(ProjectConfigurationPlatforms) = postSolution
		{473D99B3-F5EC-4BB3-B62B-A1C0FF9A6ED6}.Debug|Any CPU.ActiveCfg = Debug|Any CPU
		{473D99B3-F5EC-4BB3-B62B-A1C0FF9A6ED6}.Debug|Any CPU.Build.0 = Debug|Any CPU
		{473D99B3-F5EC-4BB3-B62B-A1C0FF9A6ED6}.Release|Any CPU.ActiveCfg = Release|Any CPU
		{473D99B3-F5EC-4BB3-B62B-A1C0FF9A6ED6}.Release|Any CPU.Build.0 = Release|Any CPU
	EndGlobalSection
	GlobalSection(SolutionProperties) = preSolution
		HideSolutionNode = FALSE
	EndGlobalSection
	GlobalSection(ExtensibilityGlobals) = postSolution
		SolutionGuid = {D8911F82-4A0F-4758-BCD6-9CD2900DC8E6}
	EndGlobalSection
EndGlobal
