
Microsoft Visual Studio Solution File, Format Version 12.00
# Visual Studio Version 16
VisualStudioVersion = 16.0.31729.503
MinimumVisualStudioVersion = 10.0.40219.1
Project("{FAE04EC0-301F-11D3-BF4B-00C04F79EFBC}") = "lr13", "lr13.csproj", "{286624E1-2D43-4851-BB1A-D71B122D45FB}"
EndProject
Global
	GlobalSection(SolutionConfigurationPlatforms) = preSolution
		Debug|Any CPU = Debug|Any CPU
		Release|Any CPU = Release|Any CPU
	EndGlobalSection
	GlobalSection(ProjectConfigurationPlatforms) = postSolution
		{286624E1-2D43-4851-BB1A-D71B122D45FB}.Debug|Any CPU.ActiveCfg = Debug|Any CPU
		{286624E1-2D43-4851-BB1A-D71B122D45FB}.Debug|Any CPU.Build.0 = Debug|Any CPU
		{286624E1-2D43-4851-BB1A-D71B122D45FB}.Release|Any CPU.ActiveCfg = Release|Any CPU
		{286624E1-2D43-4851-BB1A-D71B122D45FB}.Release|Any CPU.Build.0 = Release|Any CPU
	EndGlobalSection
	GlobalSection(SolutionProperties) = preSolution
		HideSolutionNode = FALSE
	EndGlobalSection
	GlobalSection(ExtensibilityGlobals) = postSolution
		SolutionGuid = {E61F8760-2341-4ED2-92EF-AB8AB8397727}
	EndGlobalSection
EndGlobal
